// !$*UTF8*$!
{
	archiveVersion = 1;
	classes = {
	};
	objectVersion = 46;
	objects = {

/* Begin PBXBuildFile section */
		8372A1AC1E2D7337008819BF /* AppDelegate.swift in Sources */ = {isa = PBXBuildFile; fileRef = 8372A1AB1E2D7337008819BF /* AppDelegate.swift */; };
		8372A1AE1E2D7337008819BF /* RecordSoundsViewController.swift in Sources */ = {isa = PBXBuildFile; fileRef = 8372A1AD1E2D7337008819BF /* RecordSoundsViewController.swift */; };
		8372A1B11E2D7337008819BF /* Main.storyboard in Resources */ = {isa = PBXBuildFile; fileRef = 8372A1AF1E2D7337008819BF /* Main.storyboard */; };
		8372A1B31E2D7337008819BF /* Assets.xcassets in Resources */ = {isa = PBXBuildFile; fileRef = 8372A1B21E2D7337008819BF /* Assets.xcassets */; };
		8372A1B61E2D7337008819BF /* LaunchScreen.storyboard in Resources */ = {isa = PBXBuildFile; fileRef = 8372A1B41E2D7337008819BF /* LaunchScreen.storyboard */; };
		8372A1BE1E2EB672008819BF /* PlaySoundsViewController.swift in Sources */ = {isa = PBXBuildFile; fileRef = 8372A1BD1E2EB672008819BF /* PlaySoundsViewController.swift */; };
		8372A1C01E300183008819BF /* PlaySoundsViewController+Audio.swift in Sources */ = {isa = PBXBuildFile; fileRef = 8372A1BF1E300183008819BF /* PlaySoundsViewController+Audio.swift */; };
		8372A1C21E314EEC008819BF /* BasicAlert.swift in Sources */ = {isa = PBXBuildFile; fileRef = 8372A1C11E314EEC008819BF /* BasicAlert.swift */; };
/* End PBXBuildFile section */

/* Begin PBXFileReference section */
		8372A1A81E2D7337008819BF /* PitchPerfect.app */ = {isa = PBXFileReference; explicitFileType = wrapper.application; includeInIndex = 0; path = PitchPerfect.app; sourceTree = BUILT_PRODUCTS_DIR; };
		8372A1AB1E2D7337008819BF /* AppDelegate.swift */ = {isa = PBXFileReference; lastKnownFileType = sourcecode.swift; path = AppDelegate.swift; sourceTree = "<group>"; };
		8372A1AD1E2D7337008819BF /* RecordSoundsViewController.swift */ = {isa = PBXFileReference; lastKnownFileType = sourcecode.swift; path = RecordSoundsViewController.swift; sourceTree = "<group>"; };
		8372A1B01E2D7337008819BF /* Base */ = {isa = PBXFileReference; lastKnownFileType = file.storyboard; name = Base; path = Base.lproj/Main.storyboard; sourceTree = "<group>"; };
		8372A1B21E2D7337008819BF /* Assets.xcassets */ = {isa = PBXFileReference; lastKnownFileType = folder.assetcatalog; path = Assets.xcassets; sourceTree = "<group>"; };
		8372A1B51E2D7337008819BF /* Base */ = {isa = PBXFileReference; lastKnownFileType = file.storyboard; name = Base; path = Base.lproj/LaunchScreen.storyboard; sourceTree = "<group>"; };
		8372A1B71E2D7337008819BF /* Info.plist */ = {isa = PBXFileReference; lastKnownFileType = text.plist.xml; path = Info.plist; sourceTree = "<group>"; };
		8372A1BD1E2EB672008819BF /* PlaySoundsViewController.swift */ = {isa = PBXFileReference; fileEncoding = 4; lastKnownFileType = sourcecode.swift; path = PlaySoundsViewController.swift; sourceTree = "<group>"; };
		8372A1BF1E300183008819BF /* PlaySoundsViewController+Audio.swift */ = {isa = PBXFileReference; fileEncoding = 4; lastKnownFileType = sourcecode.swift; path = "PlaySoundsViewController+Audio.swift"; sourceTree = "<group>"; };
		8372A1C11E314EEC008819BF /* BasicAlert.swift */ = {isa = PBXFileReference; fileEncoding = 4; lastKnownFileType = sourcecode.swift; path = BasicAlert.swift; sourceTree = "<group>"; };
/* End PBXFileReference section */

/* Begin PBXFrameworksBuildPhase section */
		8372A1A51E2D7337008819BF /* Frameworks */ = {
			isa = PBXFrameworksBuildPhase;
			buildActionMask = 2147483647;
			files = (
			);
			runOnlyForDeploymentPostprocessing = 0;
		};
/* End PBXFrameworksBuildPhase section */

/* Begin PBXGroup section */
		8372A19F1E2D7337008819BF = {
			isa = PBXGroup;
			children = (
				8372A1AA1E2D7337008819BF /* PitchPerfect */,
				8372A1A91E2D7337008819BF /* Products */,
			);
			sourceTree = "<group>";
		};
		8372A1A91E2D7337008819BF /* Products */ = {
			isa = PBXGroup;
			children = (
				8372A1A81E2D7337008819BF /* PitchPerfect.app */,
			);
			name = Products;
			sourceTree = "<group>";
		};
		8372A1AA1E2D7337008819BF /* PitchPerfect */ = {
			isa = PBXGroup;
			children = (
				8372A1AB1E2D7337008819BF /* AppDelegate.swift */,
				8372A1AD1E2D7337008819BF /* RecordSoundsViewController.swift */,
				8372A1BD1E2EB672008819BF /* PlaySoundsViewController.swift */,
				8372A1BF1E300183008819BF /* PlaySoundsViewController+Audio.swift */,
				8372A1C11E314EEC008819BF /* BasicAlert.swift */,
				8372A1AF1E2D7337008819BF /* Main.storyboard */,
				8372A1B21E2D7337008819BF /* Assets.xcassets */,
				8372A1B41E2D7337008819BF /* LaunchScreen.storyboard */,
				8372A1B71E2D7337008819BF /* Info.plist */,
			);
			path = PitchPerfect;
			sourceTree = "<group>";
		};
/* End PBXGroup section */

/* Begin PBXNativeTarget section */
		8372A1A71E2D7337008819BF /* PitchPerfect */ = {
			isa = PBXNativeTarget;
			buildConfigurationList = 8372A1BA1E2D7337008819BF /* Build configuration list for PBXNativeTarget "PitchPerfect" */;
			buildPhases = (
				8372A1A41E2D7337008819BF /* Sources */,
				8372A1A51E2D7337008819BF /* Frameworks */,
				8372A1A61E2D7337008819BF /* Resources */,
			);
			buildRules = (
			);
			dependencies = (
			);
			name = PitchPerfect;
			productName = PitchPerfect;
			productReference = 8372A1A81E2D7337008819BF /* PitchPerfect.app */;
			productType = "com.apple.product-type.application";
		};
/* End PBXNativeTarget section */

/* Begin PBXProject section */
		8372A1A01E2D7337008819BF /* Project object */ = {
			isa = PBXProject;
			attributes = {
				LastSwiftUpdateCheck = 0820;
				LastUpgradeCheck = 0820;
				ORGANIZATIONNAME = "Baker, Travis";
				TargetAttributes = {
					8372A1A71E2D7337008819BF = {
						CreatedOnToolsVersion = 8.2.1;
						ProvisioningStyle = Automatic;
					};
				};
			};
			buildConfigurationList = 8372A1A31E2D7337008819BF /* Build configuration list for PBXProject "PitchPerfect" */;
			compatibilityVersion = "Xcode 3.2";
			developmentRegion = English;
			hasScannedForEncodings = 0;
			knownRegions = (
				en,
				Base,
			);
			mainGroup = 8372A19F1E2D7337008819BF;
			productRefGroup = 8372A1A91E2D7337008819BF /* Products */;
			projectDirPath = "";
			projectRoot = "";
			targets = (
				8372A1A71E2D7337008819BF /* PitchPerfect */,
			);
		};
/* End PBXProject section */

/* Begin PBXResourcesBuildPhase section */
		8372A1A61E2D7337008819BF /* Resources */ = {
			isa = PBXResourcesBuildPhase;
			buildActionMask = 2147483647;
			files = (
				8372A1B61E2D7337008819BF /* LaunchScreen.storyboard in Resources */,
				8372A1B31E2D7337008819BF /* Assets.xcassets in Resources */,
				8372A1B11E2D7337008819BF /* Main.storyboard in Resources */,
			);
			runOnlyForDeploymentPostprocessing = 0;
		};
/* End PBXResourcesBuildPhase section */

/* Begin PBXSourcesBuildPhase section */
		8372A1A41E2D7337008819BF /* Sources */ = {
			isa = PBXSourcesBuildPhase;
			buildActionMask = 2147483647;
			files = (
				8372A1AE1E2D7337008819BF /* RecordSoundsViewController.swift in Sources */,
				8372A1C01E300183008819BF /* PlaySoundsViewController+Audio.swift in Sources */,
				8372A1C21E314EEC008819BF /* BasicAlert.swift in Sources */,
				8372A1BE1E2EB672008819BF /* PlaySoundsViewController.swift in Sources */,
				8372A1AC1E2D7337008819BF /* AppDelegate.swift in Sources */,
			);
			runOnlyForDeploymentPostprocessing = 0;
		};
/* End PBXSourcesBuildPhase section */

/* Begin PBXVariantGroup section */
		8372A1AF1E2D7337008819BF /* Main.storyboard */ = {
			isa = PBXVariantGroup;
			children = (
				8372A1B01E2D7337008819BF /* Base */,
			);
			name = Main.storyboard;
			sourceTree = "<group>";
		};
		8372A1B41E2D7337008819BF /* LaunchScreen.storyboard */ = {
			isa = PBXVariantGroup;
			children = (
				8372A1B51E2D7337008819BF /* Base */,
			);
			name = LaunchScreen.storyboard;
			sourceTree = "<group>";
		};
/* End PBXVariantGroup section */

/* Begin XCBuildConfiguration section */
		8372A1B81E2D7337008819BF /* Debug */ = {
			isa = XCBuildConfiguration;
			buildSettings = {
				ALWAYS_SEARCH_USER_PATHS = NO;
				CLANG_ANALYZER_NONNULL = YES;
				CLANG_CXX_LANGUAGE_STANDARD = "gnu++0x";
				CLANG_CXX_LIBRARY = "libc++";
				CLANG_ENABLE_MODULES = YES;
				CLANG_ENABLE_OBJC_ARC = YES;
				CLANG_WARN_BOOL_CONVERSION = YES;
				CLANG_WARN_CONSTANT_CONVERSION = YES;
				CLANG_WARN_DIRECT_OBJC_ISA_USAGE = YES_ERROR;
				CLANG_WARN_DOCUMENTATION_COMMENTS = YES;
				CLANG_WARN_EMPTY_BODY = YES;
				CLANG_WARN_ENUM_CONVERSION = YES;
				CLANG_WARN_INFINITE_RECURSION = YES;
				CLANG_WARN_INT_CONVERSION = YES;
				CLANG_WARN_OBJC_ROOT_CLASS = YES_ERROR;
				CLANG_WARN_SUSPICIOUS_MOVE = YES;
				CLANG_WARN_UNREACHABLE_CODE = YES;
				CLANG_WARN__DUPLICATE_METHOD_MATCH = YES;
				"CODE_SIGN_IDENTITY[sdk=iphoneos*]" = "iPhone Developer";
				COPY_PHASE_STRIP = NO;
				DEBUG_INFORMATION_FORMAT = dwarf;
				ENABLE_STRICT_OBJC_MSGSEND = YES;
				ENABLE_TESTABILITY = YES;
				GCC_C_LANGUAGE_STANDARD = gnu99;
				GCC_DYNAMIC_NO_PIC = NO;
				GCC_NO_COMMON_BLOCKS = YES;
				GCC_OPTIMIZATION_LEVEL = 0;
				GCC_PREPROCESSOR_DEFINITIONS = (
					"DEBUG=1",
					"$(inherited)",
				);
				GCC_WARN_64_TO_32_BIT_CONVERSION = YES;
				GCC_WARN_ABOUT_RETURN_TYPE = YES_ERROR;
				GCC_WARN_UNDECLARED_SELECTOR = YES;
				GCC_WARN_UNINITIALIZED_AUTOS = YES_AGGRESSIVE;
				GCC_WARN_UNUSED_FUNCTION = YES;
				GCC_WARN_UNUSED_VARIABLE = YES;
				IPHONEOS_DEPLOYMENT_TARGET = 10.2;
				MTL_ENABLE_DEBUG_INFO = YES;
				ONLY_ACTIVE_ARCH = YES;
				SDKROOT = iphoneos;
				SWIFT_ACTIVE_COMPILATION_CONDITIONS = DEBUG;
				SWIFT_OPTIMIZATION_LEVEL = "-Onone";
				TARGETED_DEVICE_FAMILY = "1,2";
			};
			name = Debug;
		};
		8372A1B91E2D7337008819BF /* Release */ = {
			isa = XCBuildConfiguration;
			buildSettings = {
				ALWAYS_SEARCH_USER_PATHS = NO;
				CLANG_ANALYZER_NONNULL = YES;
				CLANG_CXX_LANGUAGE_STANDARD = "gnu++0x";
				CLANG_CXX_LIBRARY = "libc++";
				CLANG_ENABLE_MODULES = YES;
				CLANG_ENABLE_OBJC_ARC = YES;
				CLANG_WARN_BOOL_CONVERSION = YES;
				CLANG_WARN_CONSTANT_CONVERSION = YES;
				CLANG_WARN_DIRECT_OBJC_ISA_USAGE = YES_ERROR;
				CLANG_WARN_DOCUMENTATION_COMMENTS = YES;
				CLANG_WARN_EMPTY_BODY = YES;
				CLANG_WARN_ENUM_CONVERSION = YES;
				CLANG_WARN_INFINITE_RECURSION = YES;
				CLANG_WARN_INT_CONVERSION = YES;
				CLANG_WARN_OBJC_ROOT_CLASS = YES_ERROR;
				CLANG_WARN_SUSPICIOUS_MOVE = YES;
				CLANG_WARN_UNREACHABLE_CODE = YES;
				CLANG_WARN__DUPLICATE_METHOD_MATCH = YES;
				"CODE_SIGN_IDENTITY[sdk=iphoneos*]" = "iPhone Developer";
				COPY_PHASE_STRIP = NO;
				DEBUG_INFORMATION_FORMAT = "dwarf-with-dsym";
				ENABLE_NS_ASSERTIONS = NO;
				ENABLE_STRICT_OBJC_MSGSEND = YES;
				GCC_C_LANGUAGE_STANDARD = gnu99;
				GCC_NO_COMMON_BLOCKS = YES;
				GCC_WARN_64_TO_32_BIT_CONVERSION = YES;
				GCC_WARN_ABOUT_RETURN_TYPE = YES_ERROR;
				GCC_WARN_UNDECLARED_SELECTOR = YES;
				GCC_WARN_UNINITIALIZED_AUTOS = YES_AGGRESSIVE;
				GCC_WARN_UNUSED_FUNCTION = YES;
				GCC_WARN_UNUSED_VARIABLE = YES;
				IPHONEOS_DEPLOYMENT_TARGET = 10.2;
				MTL_ENABLE_DEBUG_INFO = NO;
				SDKROOT = iphoneos;
				SWIFT_OPTIMIZATION_LEVEL = "-Owholemodule";
				TARGETED_DEVICE_FAMILY = "1,2";
				VALIDATE_PRODUCT = YES;
			};
			name = Release;
		};
		8372A1BB1E2D7337008819BF /* Debug */ = {
			isa = XCBuildConfiguration;
			buildSettings = {
				ASSETCATALOG_COMPILER_APPICON_NAME = AppIcon;
				INFOPLIST_FILE = PitchPerfect/Info.plist;
				LD_RUNPATH_SEARCH_PATHS = "$(inherited) @executable_path/Frameworks";
				PRODUCT_BUNDLE_IDENTIFIER = com.bakercreations.PitchPerfect;
				PRODUCT_NAME = "$(TARGET_NAME)";
				SWIFT_VERSION = 3.0;
			};
			name = Debug;
		};
		8372A1BC1E2D7337008819BF /* Release */ = {
			isa = XCBuildConfiguration;
			buildSettings = {
				ASSETCATALOG_COMPILER_APPICON_NAME = AppIcon;
				INFOPLIST_FILE = PitchPerfect/Info.plist;
				LD_RUNPATH_SEARCH_PATHS = "$(inherited) @executable_path/Frameworks";
				PRODUCT_BUNDLE_IDENTIFIER = com.bakercreations.PitchPerfect;
				PRODUCT_NAME = "$(TARGET_NAME)";
				SWIFT_VERSION = 3.0;
			};
			name = Release;
		};
/* End XCBuildConfiguration section */

/* Begin XCConfigurationList section */
		8372A1A31E2D7337008819BF /* Build configuration list for PBXProject "PitchPerfect" */ = {
			isa = XCConfigurationList;
			buildConfigurations = (
				8372A1B81E2D7337008819BF /* Debug */,
				8372A1B91E2D7337008819BF /* Release */,
			);
			defaultConfigurationIsVisible = 0;
			defaultConfigurationName = Release;
		};
		8372A1BA1E2D7337008819BF /* Build configuration list for PBXNativeTarget "PitchPerfect" */ = {
			isa = XCConfigurationList;
			buildConfigurations = (
				8372A1BB1E2D7337008819BF /* Debug */,
				8372A1BC1E2D7337008819BF /* Release */,
			);
			defaultConfigurationIsVisible = 0;
			defaultConfigurationName = Release;
		};
/* End XCConfigurationList section */
	};
	rootObject = 8372A1A01E2D7337008819BF /* Project object */;
}
